// !$*UTF8*$!
{
	archiveVersion = 1;
	classes = {
	};
	objectVersion = 46;
	objects = {

/* Begin PBXBuildFile section */
		388D4DD315E92D8D00B95B00 /* UIKit.framework in Frameworks */ = {isa = PBXBuildFile; fileRef = 388D4DD215E92D8D00B95B00 /* UIKit.framework */; };
		388D4DD515E92D8D00B95B00 /* Foundation.framework in Frameworks */ = {isa = PBXBuildFile; fileRef = 388D4DD415E92D8D00B95B00 /* Foundation.framework */; };
		388D4DD715E92D8D00B95B00 /* CoreGraphics.framework in Frameworks */ = {isa = PBXBuildFile; fileRef = 388D4DD615E92D8D00B95B00 /* CoreGraphics.framework */; };
		388D4DDD15E92D8D00B95B00 /* InfoPlist.strings in Resources */ = {isa = PBXBuildFile; fileRef = 388D4DDB15E92D8D00B95B00 /* InfoPlist.strings */; };
		388D4DDF15E92D8D00B95B00 /* main.m in Sources */ = {isa = PBXBuildFile; fileRef = 388D4DDE15E92D8D00B95B00 /* main.m */; };
		388D4DE315E92D8D00B95B00 /* AppDelegate.m in Sources */ = {isa = PBXBuildFile; fileRef = 388D4DE215E92D8D00B95B00 /* AppDelegate.m */; };
		388D4DE615E92D8D00B95B00 /* ViewController.m in Sources */ = {isa = PBXBuildFile; fileRef = 388D4DE515E92D8D00B95B00 /* ViewController.m */; };
		388D4DE915E92D8D00B95B00 /* ViewController.xib in Resources */ = {isa = PBXBuildFile; fileRef = 388D4DE715E92D8D00B95B00 /* ViewController.xib */; };
/* End PBXBuildFile section */

/* Begin PBXFileReference section */
		388D4DCE15E92D8D00B95B00 /* iDecide.app */ = {isa = PBXFileReference; explicitFileType = wrapper.application; includeInIndex = 0; path = iDecide.app; sourceTree = BUILT_PRODUCTS_DIR; };
		388D4DD215E92D8D00B95B00 /* UIKit.framework */ = {isa = PBXFileReference; lastKnownFileType = wrapper.framework; name = UIKit.framework; path = System/Library/Frameworks/UIKit.framework; sourceTree = SDKROOT; };
		388D4DD415E92D8D00B95B00 /* Foundation.framework */ = {isa = PBXFileReference; lastKnownFileType = wrapper.framework; name = Foundation.framework; path = System/Library/Frameworks/Foundation.framework; sourceTree = SDKROOT; };
		388D4DD615E92D8D00B95B00 /* CoreGraphics.framework */ = {isa = PBXFileReference; lastKnownFileType = wrapper.framework; name = CoreGraphics.framework; path = System/Library/Frameworks/CoreGraphics.framework; sourceTree = SDKROOT; };
		388D4DDA15E92D8D00B95B00 /* iDecide-Info.plist */ = {isa = PBXFileReference; lastKnownFileType = text.plist.xml; path = "iDecide-Info.plist"; sourceTree = "<group>"; };
		388D4DDC15E92D8D00B95B00 /* en */ = {isa = PBXFileReference; lastKnownFileType = text.plist.strings; name = en; path = en.lproj/InfoPlist.strings; sourceTree = "<group>"; };
		388D4DDE15E92D8D00B95B00 /* main.m */ = {isa = PBXFileReference; lastKnownFileType = sourcecode.c.objc; path = main.m; sourceTree = "<group>"; };
		388D4DE015E92D8D00B95B00 /* iDecide-Prefix.pch */ = {isa = PBXFileReference; lastKnownFileType = sourcecode.c.h; path = "iDecide-Prefix.pch"; sourceTree = "<group>"; };
		388D4DE115E92D8D00B95B00 /* AppDelegate.h */ = {isa = PBXFileReference; lastKnownFileType = sourcecode.c.h; path = AppDelegate.h; sourceTree = "<group>"; };
		388D4DE215E92D8D00B95B00 /* AppDelegate.m */ = {isa = PBXFileReference; lastKnownFileType = sourcecode.c.objc; path = AppDelegate.m; sourceTree = "<group>"; };
		388D4DE415E92D8D00B95B00 /* ViewController.h */ = {isa = PBXFileReference; lastKnownFileType = sourcecode.c.h; path = ViewController.h; sourceTree = "<group>"; };
		388D4DE515E92D8D00B95B00 /* ViewController.m */ = {isa = PBXFileReference; lastKnownFileType = sourcecode.c.objc; path = ViewController.m; sourceTree = "<group>"; };
		388D4DE815E92D8D00B95B00 /* en */ = {isa = PBXFileReference; lastKnownFileType = file.xib; name = en; path = en.lproj/ViewController.xib; sourceTree = "<group>"; };
/* End PBXFileReference section */

/* Begin PBXFrameworksBuildPhase section */
		388D4DCB15E92D8D00B95B00 /* Frameworks */ = {
			isa = PBXFrameworksBuildPhase;
			buildActionMask = 2147483647;
			files = (
				388D4DD315E92D8D00B95B00 /* UIKit.framework in Frameworks */,
				388D4DD515E92D8D00B95B00 /* Foundation.framework in Frameworks */,
				388D4DD715E92D8D00B95B00 /* CoreGraphics.framework in Frameworks */,
			);
			runOnlyForDeploymentPostprocessing = 0;
		};
/* End PBXFrameworksBuildPhase section */

/* Begin PBXGroup section */
		388D4DC315E92D8D00B95B00 = {
			isa = PBXGroup;
			children = (
				388D4DD815E92D8D00B95B00 /* iDecide */,
				388D4DD115E92D8D00B95B00 /* Frameworks */,
				388D4DCF15E92D8D00B95B00 /* Products */,
			);
			sourceTree = "<group>";
		};
		388D4DCF15E92D8D00B95B00 /* Products */ = {
			isa = PBXGroup;
			children = (
				388D4DCE15E92D8D00B95B00 /* iDecide.app */,
			);
			name = Products;
			sourceTree = "<group>";
		};
		388D4DD115E92D8D00B95B00 /* Frameworks */ = {
			isa = PBXGroup;
			children = (
				388D4DD215E92D8D00B95B00 /* UIKit.framework */,
				388D4DD415E92D8D00B95B00 /* Foundation.framework */,
				388D4DD615E92D8D00B95B00 /* CoreGraphics.framework */,
			);
			name = Frameworks;
			sourceTree = "<group>";
		};
		388D4DD815E92D8D00B95B00 /* iDecide */ = {
			isa = PBXGroup;
			children = (
				388D4DE115E92D8D00B95B00 /* AppDelegate.h */,
				388D4DE215E92D8D00B95B00 /* AppDelegate.m */,
				388D4DE415E92D8D00B95B00 /* ViewController.h */,
				388D4DE515E92D8D00B95B00 /* ViewController.m */,
				388D4DE715E92D8D00B95B00 /* ViewController.xib */,
				388D4DD915E92D8D00B95B00 /* Supporting Files */,
			);
			path = iDecide;
			sourceTree = "<group>";
		};
		388D4DD915E92D8D00B95B00 /* Supporting Files */ = {
			isa = PBXGroup;
			children = (
				388D4DDA15E92D8D00B95B00 /* iDecide-Info.plist */,
				388D4DDB15E92D8D00B95B00 /* InfoPlist.strings */,
				388D4DDE15E92D8D00B95B00 /* main.m */,
				388D4DE015E92D8D00B95B00 /* iDecide-Prefix.pch */,
			);
			name = "Supporting Files";
			sourceTree = "<group>";
		};
/* End PBXGroup section */

/* Begin PBXNativeTarget section */
		388D4DCD15E92D8D00B95B00 /* iDecide */ = {
			isa = PBXNativeTarget;
			buildConfigurationList = 388D4DEC15E92D8D00B95B00 /* Build configuration list for PBXNativeTarget "iDecide" */;
			buildPhases = (
				388D4DCA15E92D8D00B95B00 /* Sources */,
				388D4DCB15E92D8D00B95B00 /* Frameworks */,
				388D4DCC15E92D8D00B95B00 /* Resources */,
			);
			buildRules = (
			);
			dependencies = (
			);
			name = iDecide;
			productName = iDecide;
			productReference = 388D4DCE15E92D8D00B95B00 /* iDecide.app */;
			productType = "com.apple.product-type.application";
		};
/* End PBXNativeTarget section */

/* Begin PBXProject section */
		388D4DC515E92D8D00B95B00 /* Project object */ = {
			isa = PBXProject;
			attributes = {
				LastUpgradeCheck = 0440;
				ORGANIZATIONNAME = "Fernando Lopes";
			};
			buildConfigurationList = 388D4DC815E92D8D00B95B00 /* Build configuration list for PBXProject "iDecide" */;
			compatibilityVersion = "Xcode 3.2";
			developmentRegion = English;
			hasScannedForEncodings = 0;
			knownRegions = (
				en,
			);
			mainGroup = 388D4DC315E92D8D00B95B00;
			productRefGroup = 388D4DCF15E92D8D00B95B00 /* Products */;
			projectDirPath = "";
			projectRoot = "";
			targets = (
				388D4DCD15E92D8D00B95B00 /* iDecide */,
			);
		};
/* End PBXProject section */

/* Begin PBXResourcesBuildPhase section */
		388D4DCC15E92D8D00B95B00 /* Resources */ = {
			isa = PBXResourcesBuildPhase;
			buildActionMask = 2147483647;
			files = (
				388D4DDD15E92D8D00B95B00 /* InfoPlist.strings in Resources */,
				388D4DE915E92D8D00B95B00 /* ViewController.xib in Resources */,
			);
			runOnlyForDeploymentPostprocessing = 0;
		};
/* End PBXResourcesBuildPhase section */

/* Begin PBXSourcesBuildPhase section */
		388D4DCA15E92D8D00B95B00 /* Sources */ = {
			isa = PBXSourcesBuildPhase;
			buildActionMask = 2147483647;
			files = (
				388D4DDF15E92D8D00B95B00 /* main.m in Sources */,
				388D4DE315E92D8D00B95B00 /* AppDelegate.m in Sources */,
				388D4DE615E92D8D00B95B00 /* ViewController.m in Sources */,
			);
			runOnlyForDeploymentPostprocessing = 0;
		};
/* End PBXSourcesBuildPhase section */

/* Begin PBXVariantGroup section */
		388D4DDB15E92D8D00B95B00 /* InfoPlist.strings */ = {
			isa = PBXVariantGroup;
			children = (
				388D4DDC15E92D8D00B95B00 /* en */,
			);
			name = InfoPlist.strings;
			sourceTree = "<group>";
		};
		388D4DE715E92D8D00B95B00 /* ViewController.xib */ = {
			isa = PBXVariantGroup;
			children = (
				388D4DE815E92D8D00B95B00 /* en */,
			);
			name = ViewController.xib;
			sourceTree = "<group>";
		};
/* End PBXVariantGroup section */

/* Begin XCBuildConfiguration section */
		388D4DEA15E92D8D00B95B00 /* Debug */ = {
			isa = XCBuildConfiguration;
			buildSettings = {
				ALWAYS_SEARCH_USER_PATHS = NO;
				ARCHS = "$(ARCHS_STANDARD_32_BIT)";
				CLANG_CXX_LANGUAGE_STANDARD = "gnu++0x";
				CLANG_WARN__DUPLICATE_METHOD_MATCH = YES;
				"CODE_SIGN_IDENTITY[sdk=iphoneos*]" = "iPhone Developer";
				COPY_PHASE_STRIP = NO;
				GCC_C_LANGUAGE_STANDARD = gnu99;
				GCC_DYNAMIC_NO_PIC = NO;
				GCC_OPTIMIZATION_LEVEL = 0;
				GCC_PREPROCESSOR_DEFINITIONS = (
					"DEBUG=1",
					"$(inherited)",
				);
				GCC_SYMBOLS_PRIVATE_EXTERN = NO;
				GCC_VERSION = com.apple.compilers.llvm.clang.1_0;
				GCC_WARN_ABOUT_RETURN_TYPE = YES;
				GCC_WARN_UNINITIALIZED_AUTOS = YES;
				GCC_WARN_UNUSED_VARIABLE = YES;
				IPHONEOS_DEPLOYMENT_TARGET = 5.1;
				SDKROOT = iphoneos;
			};
			name = Debug;
		};
		388D4DEB15E92D8D00B95B00 /* Release */ = {
			isa = XCBuildConfiguration;
			buildSettings = {
				ALWAYS_SEARCH_USER_PATHS = NO;
				ARCHS = "$(ARCHS_STANDARD_32_BIT)";
				CLANG_CXX_LANGUAGE_STANDARD = "gnu++0x";
				CLANG_WARN__DUPLICATE_METHOD_MATCH = YES;
				"CODE_SIGN_IDENTITY[sdk=iphoneos*]" = "iPhone Developer";
				COPY_PHASE_STRIP = YES;
				GCC_C_LANGUAGE_STANDARD = gnu99;
				GCC_VERSION = com.apple.compilers.llvm.clang.1_0;
				GCC_WARN_ABOUT_RETURN_TYPE = YES;
				GCC_WARN_UNINITIALIZED_AUTOS = YES;
				GCC_WARN_UNUSED_VARIABLE = YES;
				IPHONEOS_DEPLOYMENT_TARGET = 5.1;
				OTHER_CFLAGS = "-DNS_BLOCK_ASSERTIONS=1";
				SDKROOT = iphoneos;
				VALIDATE_PRODUCT = YES;
			};
			name = Release;
		};
		388D4DED15E92D8D00B95B00 /* Debug */ = {
			isa = XCBuildConfiguration;
			buildSettings = {
				GCC_PRECOMPILE_PREFIX_HEADER = YES;
				GCC_PREFIX_HEADER = "iDecide/iDecide-Prefix.pch";
				INFOPLIST_FILE = "iDecide/iDecide-Info.plist";
				PRODUCT_NAME = "$(TARGET_NAME)";
				WRAPPER_EXTENSION = app;
			};
			name = Debug;
		};
		388D4DEE15E92D8D00B95B00 /* Release */ = {
			isa = XCBuildConfiguration;
			buildSettings = {
				GCC_PRECOMPILE_PREFIX_HEADER = YES;
				GCC_PREFIX_HEADER = "iDecide/iDecide-Prefix.pch";
				INFOPLIST_FILE = "iDecide/iDecide-Info.plist";
				PRODUCT_NAME = "$(TARGET_NAME)";
				WRAPPER_EXTENSION = app;
			};
			name = Release;
		};
/* End XCBuildConfiguration section */

/* Begin XCConfigurationList section */
		388D4DC815E92D8D00B95B00 /* Build configuration list for PBXProject "iDecide" */ = {
			isa = XCConfigurationList;
			buildConfigurations = (
				388D4DEA15E92D8D00B95B00 /* Debug */,
				388D4DEB15E92D8D00B95B00 /* Release */,
			);
			defaultConfigurationIsVisible = 0;
			defaultConfigurationName = Release;
		};
		388D4DEC15E92D8D00B95B00 /* Build configuration list for PBXNativeTarget "iDecide" */ = {
			isa = XCConfigurationList;
			buildConfigurations = (
				388D4DED15E92D8D00B95B00 /* Debug */,
				388D4DEE15E92D8D00B95B00 /* Release */,
			);
			defaultConfigurationIsVisible = 0;
		};
/* End XCConfigurationList section */
	};
	rootObject = 388D4DC515E92D8D00B95B00 /* Project object */;
}
